
Microsoft Visual Studio Solution File, Format Version 12.00
# Visual Studio Version 17
VisualStudioVersion = 17.14.36327.8 d17.14
MinimumVisualStudioVersion = 10.0.40219.1
Project("{FAE04EC0-301F-11D3-BF4B-00C04F79EFBC}") = "Unicareer", "Unicareer.csproj", "{D5A71228-C7E6-4D57-BAF8-F502B16274DE}"
EndProject
Global
	GlobalSection(SolutionConfigurationPlatforms) = preSolution
		Debug|Any CPU = Debug|Any CPU
		Release|Any CPU = Release|Any CPU
	EndGlobalSection
	GlobalSection(ProjectConfigurationPlatforms) = postSolution
		{D5A71228-C7E6-4D57-BAF8-F502B16274DE}.Debug|Any CPU.ActiveCfg = Debug|Any CPU
		{D5A71228-C7E6-4D57-BAF8-F502B16274DE}.Debug|Any CPU.Build.0 = Debug|Any CPU
		{D5A71228-C7E6-4D57-BAF8-F502B16274DE}.Release|Any CPU.ActiveCfg = Release|Any CPU
		{D5A71228-C7E6-4D57-BAF8-F502B16274DE}.Release|Any CPU.Build.0 = Release|Any CPU
	EndGlobalSection
	GlobalSection(SolutionProperties) = preSolution
		HideSolutionNode = FALSE
	EndGlobalSection
	GlobalSection(ExtensibilityGlobals) = postSolution
		SolutionGuid = {E1C01EFB-DB43-4392-95B1-F1ED138183C7}
	EndGlobalSection
EndGlobal
